
Microsoft Visual Studio Solution File, Format Version 12.00
# Visual Studio Version 16
VisualStudioVersion = 16.0.30517.126
MinimumVisualStudioVersion = 10.0.40219.1
Project("{FAE04EC0-301F-11D3-BF4B-00C04F79EFBC}") = "KvalDarbs.Tests", "KvalDarbs.Tests\KvalDarbs.Tests.csproj", "{4D9719E7-B914-4ECC-BEF6-8A4FAF69FF13}"
EndProject
Project("{FAE04EC0-301F-11D3-BF4B-00C04F79EFBC}") = "KvalDarbsCore", "KvalDarbsCore\KvalDarbsCore.csproj", "{0F688004-475C-445A-A1BC-F995521AB346}"
	ProjectSection(ProjectDependencies) = postProject
		{DDFF6202-0218-4EC1-A525-97967CBD53A4} = {DDFF6202-0218-4EC1-A525-97967CBD53A4}
	EndProjectSection
EndProject
Project("{FAE04EC0-301F-11D3-BF4B-00C04F79EFBC}") = "LogicCore", "LogicCore\LogicCore.csproj", "{DDFF6202-0218-4EC1-A525-97967CBD53A4}"
EndProject
Global
	GlobalSection(SolutionConfigurationPlatforms) = preSolution
		Debug|Any CPU = Debug|Any CPU
		Release|Any CPU = Release|Any CPU
	EndGlobalSection
	GlobalSection(ProjectConfigurationPlatforms) = postSolution
		{4D9719E7-B914-4ECC-BEF6-8A4FAF69FF13}.Debug|Any CPU.ActiveCfg = Debug|Any CPU
		{4D9719E7-B914-4ECC-BEF6-8A4FAF69FF13}.Debug|Any CPU.Build.0 = Debug|Any CPU
		{4D9719E7-B914-4ECC-BEF6-8A4FAF69FF13}.Release|Any CPU.ActiveCfg = Release|Any CPU
		{4D9719E7-B914-4ECC-BEF6-8A4FAF69FF13}.Release|Any CPU.Build.0 = Release|Any CPU
		{0F688004-475C-445A-A1BC-F995521AB346}.Debug|Any CPU.ActiveCfg = Debug|Any CPU
		{0F688004-475C-445A-A1BC-F995521AB346}.Debug|Any CPU.Build.0 = Debug|Any CPU
		{0F688004-475C-445A-A1BC-F995521AB346}.Release|Any CPU.ActiveCfg = Release|Any CPU
		{0F688004-475C-445A-A1BC-F995521AB346}.Release|Any CPU.Build.0 = Release|Any CPU
		{DDFF6202-0218-4EC1-A525-97967CBD53A4}.Debug|Any CPU.ActiveCfg = Debug|Any CPU
		{DDFF6202-0218-4EC1-A525-97967CBD53A4}.Debug|Any CPU.Build.0 = Debug|Any CPU
		{DDFF6202-0218-4EC1-A525-97967CBD53A4}.Release|Any CPU.ActiveCfg = Release|Any CPU
		{DDFF6202-0218-4EC1-A525-97967CBD53A4}.Release|Any CPU.Build.0 = Release|Any CPU
	EndGlobalSection
	GlobalSection(SolutionProperties) = preSolution
		HideSolutionNode = FALSE
	EndGlobalSection
	GlobalSection(ExtensibilityGlobals) = postSolution
		SolutionGuid = {0E0ABD0B-7A68-4C35-9FCB-82835F4AEADF}
	EndGlobalSection
EndGlobal
